// !$*UTF8*$!
{
	archiveVersion = 1;
	classes = {
	};
	objectVersion = 48;
	objects = {

/* Begin PBXBuildFile section */
		02CE80471FA5503D204F75D3 /* (null) in Frameworks */ = {isa = PBXBuildFile; };
		086113A11F649C5200D7568E /* CreateEventVC.swift in Sources */ = {isa = PBXBuildFile; fileRef = 086113A01F649C5200D7568E /* CreateEventVC.swift */; };
		0865DBC41F5FFA38009957B9 /* AppDelegate.swift in Sources */ = {isa = PBXBuildFile; fileRef = 0865DBC31F5FFA38009957B9 /* AppDelegate.swift */; };
		0865DBC61F5FFA38009957B9 /* StartVC.swift in Sources */ = {isa = PBXBuildFile; fileRef = 0865DBC51F5FFA38009957B9 /* StartVC.swift */; };
		0865DBC91F5FFA38009957B9 /* Main.storyboard in Resources */ = {isa = PBXBuildFile; fileRef = 0865DBC71F5FFA38009957B9 /* Main.storyboard */; };
		0865DBCE1F5FFA38009957B9 /* LaunchScreen.storyboard in Resources */ = {isa = PBXBuildFile; fileRef = 0865DBCC1F5FFA38009957B9 /* LaunchScreen.storyboard */; };
		0865DBD91F5FFA38009957B9 /* EGGPLANtTests.swift in Sources */ = {isa = PBXBuildFile; fileRef = 0865DBD81F5FFA38009957B9 /* EGGPLANtTests.swift */; };
		0865DBE41F5FFA38009957B9 /* EGGPLANtUITests.swift in Sources */ = {isa = PBXBuildFile; fileRef = 0865DBE31F5FFA38009957B9 /* EGGPLANtUITests.swift */; };
		0865DBF61F601EAD009957B9 /* LoginVC.swift in Sources */ = {isa = PBXBuildFile; fileRef = 0865DBF51F601EAD009957B9 /* LoginVC.swift */; };
		0865DBF81F6021E6009957B9 /* LoadingVC.swift in Sources */ = {isa = PBXBuildFile; fileRef = 0865DBF71F6021E6009957B9 /* LoadingVC.swift */; };
		089661901F639F6C000AD483 /* ChecklistTVC.swift in Sources */ = {isa = PBXBuildFile; fileRef = 0896618F1F639F6C000AD483 /* ChecklistTVC.swift */; };
		089661941F63A61A000AD483 /* ChecklistItem.swift in Sources */ = {isa = PBXBuildFile; fileRef = 089661931F63A61A000AD483 /* ChecklistItem.swift */; };
		089661D81F63D51C000AD483 /* Assets.xcassets in Resources */ = {isa = PBXBuildFile; fileRef = 089661D71F63D51C000AD483 /* Assets.xcassets */; };
		08E9525A1F6022BC00BA4F97 /* FirstEggVC.swift in Sources */ = {isa = PBXBuildFile; fileRef = 08E952591F6022BC00BA4F97 /* FirstEggVC.swift */; };
		08F8009F1F645EF000B1E91E /* NoticeVC.swift in Sources */ = {isa = PBXBuildFile; fileRef = 08F8009D1F645EF000B1E91E /* NoticeVC.swift */; };
		08F800A01F645EF000B1E91E /* LessonDetailVC.swift in Sources */ = {isa = PBXBuildFile; fileRef = 08F8009E1F645EF000B1E91E /* LessonDetailVC.swift */; };
		09E9B31B593B56055AF88527 /* Pods_EGGPLANt.framework in Frameworks */ = {isa = PBXBuildFile; fileRef = 6A2C31E7D9AAD21238294A25 /* Pods_EGGPLANt.framework */; };
		4C9614C82CC759942BF27767 /* Pods_EGGPLANtTests.framework in Frameworks */ = {isa = PBXBuildFile; fileRef = 3F8A1E67F6499759ABA4E876 /* Pods_EGGPLANtTests.framework */; };
		B07905D81F625142003A97AD /* ScheduleVC.swift in Sources */ = {isa = PBXBuildFile; fileRef = B07905D71F625142003A97AD /* ScheduleVC.swift */; };
		B07905DA1F625B93003A97AD /* TimeTVC.swift in Sources */ = {isa = PBXBuildFile; fileRef = B07905D91F625B93003A97AD /* TimeTVC.swift */; };
		B07905DE1F62763A003A97AD /* WeekDayCVC.swift in Sources */ = {isa = PBXBuildFile; fileRef = B07905DD1F62763A003A97AD /* WeekDayCVC.swift */; };
		B07905E01F62805F003A97AD /* WeekDay.swift in Sources */ = {isa = PBXBuildFile; fileRef = B07905DF1F62805F003A97AD /* WeekDay.swift */; };
		B0BA252A1F6398840064593B /* (null) in Sources */ = {isa = PBXBuildFile; };
		B0BA252C1F63CD740064593B /* (null) in Sources */ = {isa = PBXBuildFile; };
		F44D3F8AA9303419E20EB979 /* Pods_EGGPLANtUITests.framework in Frameworks */ = {isa = PBXBuildFile; fileRef = 16B576B524919525EBA3F3F4 /* Pods_EGGPLANtUITests.framework */; };
		F64F691AB54710A557091BD3 /* (null) in Frameworks */ = {isa = PBXBuildFile; };
/* End PBXBuildFile section */

/* Begin PBXContainerItemProxy section */
		0865DBD51F5FFA38009957B9 /* PBXContainerItemProxy */ = {
			isa = PBXContainerItemProxy;
			containerPortal = 0865DBB81F5FFA38009957B9 /* Project object */;
			proxyType = 1;
			remoteGlobalIDString = 0865DBBF1F5FFA38009957B9;
			remoteInfo = EGGPLANt;
		};
		0865DBE01F5FFA38009957B9 /* PBXContainerItemProxy */ = {
			isa = PBXContainerItemProxy;
			containerPortal = 0865DBB81F5FFA38009957B9 /* Project object */;
			proxyType = 1;
			remoteGlobalIDString = 0865DBBF1F5FFA38009957B9;
			remoteInfo = EGGPLANt;
		};
/* End PBXContainerItemProxy section */

/* Begin PBXFileReference section */
		086113A01F649C5200D7568E /* CreateEventVC.swift */ = {isa = PBXFileReference; lastKnownFileType = sourcecode.swift; path = CreateEventVC.swift; sourceTree = "<group>"; };
		0865DBC01F5FFA38009957B9 /* EGGPLANt.app */ = {isa = PBXFileReference; explicitFileType = wrapper.application; includeInIndex = 0; path = EGGPLANt.app; sourceTree = BUILT_PRODUCTS_DIR; };
		0865DBC31F5FFA38009957B9 /* AppDelegate.swift */ = {isa = PBXFileReference; lastKnownFileType = sourcecode.swift; path = AppDelegate.swift; sourceTree = "<group>"; };
		0865DBC51F5FFA38009957B9 /* StartVC.swift */ = {isa = PBXFileReference; lastKnownFileType = sourcecode.swift; path = StartVC.swift; sourceTree = "<group>"; };
		0865DBC81F5FFA38009957B9 /* Base */ = {isa = PBXFileReference; lastKnownFileType = file.storyboard; name = Base; path = Base.lproj/Main.storyboard; sourceTree = "<group>"; };
		0865DBCD1F5FFA38009957B9 /* Base */ = {isa = PBXFileReference; lastKnownFileType = file.storyboard; name = Base; path = Base.lproj/LaunchScreen.storyboard; sourceTree = "<group>"; };
		0865DBCF1F5FFA38009957B9 /* Info.plist */ = {isa = PBXFileReference; lastKnownFileType = text.plist.xml; path = Info.plist; sourceTree = "<group>"; };
		0865DBD41F5FFA38009957B9 /* EGGPLANtTests.xctest */ = {isa = PBXFileReference; explicitFileType = wrapper.cfbundle; includeInIndex = 0; path = EGGPLANtTests.xctest; sourceTree = BUILT_PRODUCTS_DIR; };
		0865DBD81F5FFA38009957B9 /* EGGPLANtTests.swift */ = {isa = PBXFileReference; lastKnownFileType = sourcecode.swift; path = EGGPLANtTests.swift; sourceTree = "<group>"; };
		0865DBDA1F5FFA38009957B9 /* Info.plist */ = {isa = PBXFileReference; lastKnownFileType = text.plist.xml; path = Info.plist; sourceTree = "<group>"; };
		0865DBDF1F5FFA38009957B9 /* EGGPLANtUITests.xctest */ = {isa = PBXFileReference; explicitFileType = wrapper.cfbundle; includeInIndex = 0; path = EGGPLANtUITests.xctest; sourceTree = BUILT_PRODUCTS_DIR; };
		0865DBE31F5FFA38009957B9 /* EGGPLANtUITests.swift */ = {isa = PBXFileReference; lastKnownFileType = sourcecode.swift; path = EGGPLANtUITests.swift; sourceTree = "<group>"; };
		0865DBE51F5FFA38009957B9 /* Info.plist */ = {isa = PBXFileReference; lastKnownFileType = text.plist.xml; path = Info.plist; sourceTree = "<group>"; };
		0865DBF51F601EAD009957B9 /* LoginVC.swift */ = {isa = PBXFileReference; lastKnownFileType = sourcecode.swift; path = LoginVC.swift; sourceTree = "<group>"; };
		0865DBF71F6021E6009957B9 /* LoadingVC.swift */ = {isa = PBXFileReference; lastKnownFileType = sourcecode.swift; path = LoadingVC.swift; sourceTree = "<group>"; };
		0896618F1F639F6C000AD483 /* ChecklistTVC.swift */ = {isa = PBXFileReference; lastKnownFileType = sourcecode.swift; path = ChecklistTVC.swift; sourceTree = "<group>"; };
		089661931F63A61A000AD483 /* ChecklistItem.swift */ = {isa = PBXFileReference; lastKnownFileType = sourcecode.swift; path = ChecklistItem.swift; sourceTree = "<group>"; };
		089661D71F63D51C000AD483 /* Assets.xcassets */ = {isa = PBXFileReference; lastKnownFileType = folder.assetcatalog; path = Assets.xcassets; sourceTree = "<group>"; };
		08E952591F6022BC00BA4F97 /* FirstEggVC.swift */ = {isa = PBXFileReference; lastKnownFileType = sourcecode.swift; path = FirstEggVC.swift; sourceTree = "<group>"; };
		08F8009D1F645EF000B1E91E /* NoticeVC.swift */ = {isa = PBXFileReference; fileEncoding = 4; lastKnownFileType = sourcecode.swift; path = NoticeVC.swift; sourceTree = "<group>"; };
		08F8009E1F645EF000B1E91E /* LessonDetailVC.swift */ = {isa = PBXFileReference; fileEncoding = 4; lastKnownFileType = sourcecode.swift; path = LessonDetailVC.swift; sourceTree = "<group>"; };
		16B576B524919525EBA3F3F4 /* Pods_EGGPLANtUITests.framework */ = {isa = PBXFileReference; explicitFileType = wrapper.framework; includeInIndex = 0; path = Pods_EGGPLANtUITests.framework; sourceTree = BUILT_PRODUCTS_DIR; };
		3F8A1E67F6499759ABA4E876 /* Pods_EGGPLANtTests.framework */ = {isa = PBXFileReference; explicitFileType = wrapper.framework; includeInIndex = 0; path = Pods_EGGPLANtTests.framework; sourceTree = BUILT_PRODUCTS_DIR; };
		649E8C5CAE3318270DDD328B /* Pods-EGGPLANt.debug.xcconfig */ = {isa = PBXFileReference; includeInIndex = 1; lastKnownFileType = text.xcconfig; name = "Pods-EGGPLANt.debug.xcconfig"; path = "Pods/Target Support Files/Pods-EGGPLANt/Pods-EGGPLANt.debug.xcconfig"; sourceTree = "<group>"; };
		678A74636934D14FC7EC3E74 /* Pods-EGGPLANtTests.release.xcconfig */ = {isa = PBXFileReference; includeInIndex = 1; lastKnownFileType = text.xcconfig; name = "Pods-EGGPLANtTests.release.xcconfig"; path = "Pods/Target Support Files/Pods-EGGPLANtTests/Pods-EGGPLANtTests.release.xcconfig"; sourceTree = "<group>"; };
		6A2C31E7D9AAD21238294A25 /* Pods_EGGPLANt.framework */ = {isa = PBXFileReference; explicitFileType = wrapper.framework; includeInIndex = 0; path = Pods_EGGPLANt.framework; sourceTree = BUILT_PRODUCTS_DIR; };
		7FB587FCF8FCA24EEB3237D5 /* Pods-EGGPLANtUITests.debug.xcconfig */ = {isa = PBXFileReference; includeInIndex = 1; lastKnownFileType = text.xcconfig; name = "Pods-EGGPLANtUITests.debug.xcconfig"; path = "Pods/Target Support Files/Pods-EGGPLANtUITests/Pods-EGGPLANtUITests.debug.xcconfig"; sourceTree = "<group>"; };
		816E1507283AE7E7CD77A16F /* Pods-EGGPLANtUITests.release.xcconfig */ = {isa = PBXFileReference; includeInIndex = 1; lastKnownFileType = text.xcconfig; name = "Pods-EGGPLANtUITests.release.xcconfig"; path = "Pods/Target Support Files/Pods-EGGPLANtUITests/Pods-EGGPLANtUITests.release.xcconfig"; sourceTree = "<group>"; };
		8825E2BE1BC8598B2B5E9C29 /* Pods-EGGPLANtTests.debug.xcconfig */ = {isa = PBXFileReference; includeInIndex = 1; lastKnownFileType = text.xcconfig; name = "Pods-EGGPLANtTests.debug.xcconfig"; path = "Pods/Target Support Files/Pods-EGGPLANtTests/Pods-EGGPLANtTests.debug.xcconfig"; sourceTree = "<group>"; };
		A9764592B12319F6D1A2DC20 /* Pods-EGGPLANt.release.xcconfig */ = {isa = PBXFileReference; includeInIndex = 1; lastKnownFileType = text.xcconfig; name = "Pods-EGGPLANt.release.xcconfig"; path = "Pods/Target Support Files/Pods-EGGPLANt/Pods-EGGPLANt.release.xcconfig"; sourceTree = "<group>"; };
		B07905D71F625142003A97AD /* ScheduleVC.swift */ = {isa = PBXFileReference; lastKnownFileType = sourcecode.swift; path = ScheduleVC.swift; sourceTree = "<group>"; };
		B07905D91F625B93003A97AD /* TimeTVC.swift */ = {isa = PBXFileReference; lastKnownFileType = sourcecode.swift; path = TimeTVC.swift; sourceTree = "<group>"; };
		B07905DD1F62763A003A97AD /* WeekDayCVC.swift */ = {isa = PBXFileReference; lastKnownFileType = sourcecode.swift; path = WeekDayCVC.swift; sourceTree = "<group>"; };
		B07905DF1F62805F003A97AD /* WeekDay.swift */ = {isa = PBXFileReference; lastKnownFileType = sourcecode.swift; path = WeekDay.swift; sourceTree = "<group>"; };
/* End PBXFileReference section */

/* Begin PBXFrameworksBuildPhase section */
		0865DBBD1F5FFA38009957B9 /* Frameworks */ = {
			isa = PBXFrameworksBuildPhase;
			buildActionMask = 2147483647;
			files = (
				F64F691AB54710A557091BD3 /* (null) in Frameworks */,
				09E9B31B593B56055AF88527 /* Pods_EGGPLANt.framework in Frameworks */,
			);
			runOnlyForDeploymentPostprocessing = 0;
		};
		0865DBD11F5FFA38009957B9 /* Frameworks */ = {
			isa = PBXFrameworksBuildPhase;
			buildActionMask = 2147483647;
			files = (
				02CE80471FA5503D204F75D3 /* (null) in Frameworks */,
				4C9614C82CC759942BF27767 /* Pods_EGGPLANtTests.framework in Frameworks */,
			);
			runOnlyForDeploymentPostprocessing = 0;
		};
		0865DBDC1F5FFA38009957B9 /* Frameworks */ = {
			isa = PBXFrameworksBuildPhase;
			buildActionMask = 2147483647;
			files = (
				F44D3F8AA9303419E20EB979 /* Pods_EGGPLANtUITests.framework in Frameworks */,
			);
			runOnlyForDeploymentPostprocessing = 0;
		};
/* End PBXFrameworksBuildPhase section */

/* Begin PBXGroup section */
		0865DBB71F5FFA38009957B9 = {
			isa = PBXGroup;
			children = (
				0865DBC21F5FFA38009957B9 /* EGGPLANt */,
				0865DBD71F5FFA38009957B9 /* EGGPLANtTests */,
				0865DBE21F5FFA38009957B9 /* EGGPLANtUITests */,
				0865DBC11F5FFA38009957B9 /* Products */,
				15A982F36C76E76576B6E465 /* Pods */,
				8A88F14F0B96541045A5F9A1 /* Frameworks */,
			);
			sourceTree = "<group>";
		};
		0865DBC11F5FFA38009957B9 /* Products */ = {
			isa = PBXGroup;
			children = (
				0865DBC01F5FFA38009957B9 /* EGGPLANt.app */,
				0865DBD41F5FFA38009957B9 /* EGGPLANtTests.xctest */,
				0865DBDF1F5FFA38009957B9 /* EGGPLANtUITests.xctest */,
			);
			name = Products;
			sourceTree = "<group>";
		};
		0865DBC21F5FFA38009957B9 /* EGGPLANt */ = {
			isa = PBXGroup;
			children = (
				08F8009E1F645EF000B1E91E /* LessonDetailVC.swift */,
				08F8009D1F645EF000B1E91E /* NoticeVC.swift */,
				089661D71F63D51C000AD483 /* Assets.xcassets */,
				0865DBCF1F5FFA38009957B9 /* Info.plist */,
				0865DBC31F5FFA38009957B9 /* AppDelegate.swift */,
				0865DBCC1F5FFA38009957B9 /* LaunchScreen.storyboard */,
				0865DBC71F5FFA38009957B9 /* Main.storyboard */,
				086113A01F649C5200D7568E /* CreateEventVC.swift */,
				0896618F1F639F6C000AD483 /* ChecklistTVC.swift */,
				089661931F63A61A000AD483 /* ChecklistItem.swift */,
				0865DBC51F5FFA38009957B9 /* StartVC.swift */,
				0865DBF51F601EAD009957B9 /* LoginVC.swift */,
				0865DBF71F6021E6009957B9 /* LoadingVC.swift */,
				08E952591F6022BC00BA4F97 /* FirstEggVC.swift */,
				B07905D71F625142003A97AD /* ScheduleVC.swift */,
				B07905D91F625B93003A97AD /* TimeTVC.swift */,
				B07905DD1F62763A003A97AD /* WeekDayCVC.swift */,
				B07905DF1F62805F003A97AD /* WeekDay.swift */,
			);
			path = EGGPLANt;
			sourceTree = "<group>";
		};
		0865DBD71F5FFA38009957B9 /* EGGPLANtTests */ = {
			isa = PBXGroup;
			children = (
				0865DBD81F5FFA38009957B9 /* EGGPLANtTests.swift */,
				0865DBDA1F5FFA38009957B9 /* Info.plist */,
			);
			path = EGGPLANtTests;
			sourceTree = "<group>";
		};
		0865DBE21F5FFA38009957B9 /* EGGPLANtUITests */ = {
			isa = PBXGroup;
			children = (
				0865DBE31F5FFA38009957B9 /* EGGPLANtUITests.swift */,
				0865DBE51F5FFA38009957B9 /* Info.plist */,
			);
			path = EGGPLANtUITests;
			sourceTree = "<group>";
		};
		15A982F36C76E76576B6E465 /* Pods */ = {
			isa = PBXGroup;
			children = (
				8825E2BE1BC8598B2B5E9C29 /* Pods-EGGPLANtTests.debug.xcconfig */,
				678A74636934D14FC7EC3E74 /* Pods-EGGPLANtTests.release.xcconfig */,
				7FB587FCF8FCA24EEB3237D5 /* Pods-EGGPLANtUITests.debug.xcconfig */,
				816E1507283AE7E7CD77A16F /* Pods-EGGPLANtUITests.release.xcconfig */,
				649E8C5CAE3318270DDD328B /* Pods-EGGPLANt.debug.xcconfig */,
				A9764592B12319F6D1A2DC20 /* Pods-EGGPLANt.release.xcconfig */,
			);
			name = Pods;
			sourceTree = "<group>";
		};
		8A88F14F0B96541045A5F9A1 /* Frameworks */ = {
			isa = PBXGroup;
			children = (
				16B576B524919525EBA3F3F4 /* Pods_EGGPLANtUITests.framework */,
				6A2C31E7D9AAD21238294A25 /* Pods_EGGPLANt.framework */,
				3F8A1E67F6499759ABA4E876 /* Pods_EGGPLANtTests.framework */,
			);
			name = Frameworks;
			sourceTree = "<group>";
		};
/* End PBXGroup section */

/* Begin PBXNativeTarget section */
		0865DBBF1F5FFA38009957B9 /* EGGPLANt */ = {
			isa = PBXNativeTarget;
			buildConfigurationList = 0865DBE81F5FFA38009957B9 /* Build configuration list for PBXNativeTarget "EGGPLANt" */;
			buildPhases = (
				AD63F81E7A1D9CF2DB805566 /* [CP] Check Pods Manifest.lock */,
				0865DBBC1F5FFA38009957B9 /* Sources */,
				0865DBBD1F5FFA38009957B9 /* Frameworks */,
				0865DBBE1F5FFA38009957B9 /* Resources */,
				383405AC01C9F7EBFBA17E5C /* [CP] Embed Pods Frameworks */,
				A5F1A2FA29F538A7A3FC9227 /* [CP] Copy Pods Resources */,
			);
			buildRules = (
			);
			dependencies = (
			);
			name = EGGPLANt;
			productName = EGGPLANt;
			productReference = 0865DBC01F5FFA38009957B9 /* EGGPLANt.app */;
			productType = "com.apple.product-type.application";
		};
		0865DBD31F5FFA38009957B9 /* EGGPLANtTests */ = {
			isa = PBXNativeTarget;
			buildConfigurationList = 0865DBEB1F5FFA38009957B9 /* Build configuration list for PBXNativeTarget "EGGPLANtTests" */;
			buildPhases = (
				99F04CE1131445C297D54E6F /* [CP] Check Pods Manifest.lock */,
				0865DBD01F5FFA38009957B9 /* Sources */,
				0865DBD11F5FFA38009957B9 /* Frameworks */,
				0865DBD21F5FFA38009957B9 /* Resources */,
				02BC07C49E409AD7D4D4CF80 /* [CP] Embed Pods Frameworks */,
				21A9388E704F34FB9F7370F1 /* [CP] Copy Pods Resources */,
			);
			buildRules = (
			);
			dependencies = (
				0865DBD61F5FFA38009957B9 /* PBXTargetDependency */,
			);
			name = EGGPLANtTests;
			productName = EGGPLANtTests;
			productReference = 0865DBD41F5FFA38009957B9 /* EGGPLANtTests.xctest */;
			productType = "com.apple.product-type.bundle.unit-test";
		};
		0865DBDE1F5FFA38009957B9 /* EGGPLANtUITests */ = {
			isa = PBXNativeTarget;
			buildConfigurationList = 0865DBEE1F5FFA38009957B9 /* Build configuration list for PBXNativeTarget "EGGPLANtUITests" */;
			buildPhases = (
				D61AC65C5356C2B0A193DA96 /* [CP] Check Pods Manifest.lock */,
				0865DBDB1F5FFA38009957B9 /* Sources */,
				0865DBDC1F5FFA38009957B9 /* Frameworks */,
				0865DBDD1F5FFA38009957B9 /* Resources */,
				2CAE49F01985C854E4DFAC2A /* [CP] Embed Pods Frameworks */,
				30A355CB9D545B80C7FB3F9B /* [CP] Copy Pods Resources */,
			);
			buildRules = (
			);
			dependencies = (
				0865DBE11F5FFA38009957B9 /* PBXTargetDependency */,
			);
			name = EGGPLANtUITests;
			productName = EGGPLANtUITests;
			productReference = 0865DBDF1F5FFA38009957B9 /* EGGPLANtUITests.xctest */;
			productType = "com.apple.product-type.bundle.ui-testing";
		};
/* End PBXNativeTarget section */

/* Begin PBXProject section */
		0865DBB81F5FFA38009957B9 /* Project object */ = {
			isa = PBXProject;
			attributes = {
				LastSwiftUpdateCheck = 0900;
				LastUpgradeCheck = 0900;
				ORGANIZATIONNAME = FifthGroup;
				TargetAttributes = {
					0865DBBF1F5FFA38009957B9 = {
						CreatedOnToolsVersion = 9.0;
						ProvisioningStyle = Automatic;
					};
					0865DBD31F5FFA38009957B9 = {
						CreatedOnToolsVersion = 9.0;
						ProvisioningStyle = Automatic;
						TestTargetID = 0865DBBF1F5FFA38009957B9;
					};
					0865DBDE1F5FFA38009957B9 = {
						CreatedOnToolsVersion = 9.0;
						ProvisioningStyle = Automatic;
						TestTargetID = 0865DBBF1F5FFA38009957B9;
					};
				};
			};
			buildConfigurationList = 0865DBBB1F5FFA38009957B9 /* Build configuration list for PBXProject "EGGPLANt" */;
			compatibilityVersion = "Xcode 8.0";
			developmentRegion = en;
			hasScannedForEncodings = 0;
			knownRegions = (
				en,
				Base,
			);
			mainGroup = 0865DBB71F5FFA38009957B9;
			productRefGroup = 0865DBC11F5FFA38009957B9 /* Products */;
			projectDirPath = "";
			projectRoot = "";
			targets = (
				0865DBBF1F5FFA38009957B9 /* EGGPLANt */,
				0865DBD31F5FFA38009957B9 /* EGGPLANtTests */,
				0865DBDE1F5FFA38009957B9 /* EGGPLANtUITests */,
			);
		};
/* End PBXProject section */

/* Begin PBXResourcesBuildPhase section */
		0865DBBE1F5FFA38009957B9 /* Resources */ = {
			isa = PBXResourcesBuildPhase;
			buildActionMask = 2147483647;
			files = (
				0865DBCE1F5FFA38009957B9 /* LaunchScreen.storyboard in Resources */,
				089661D81F63D51C000AD483 /* Assets.xcassets in Resources */,
				0865DBC91F5FFA38009957B9 /* Main.storyboard in Resources */,
			);
			runOnlyForDeploymentPostprocessing = 0;
		};
		0865DBD21F5FFA38009957B9 /* Resources */ = {
			isa = PBXResourcesBuildPhase;
			buildActionMask = 2147483647;
			files = (
			);
			runOnlyForDeploymentPostprocessing = 0;
		};
		0865DBDD1F5FFA38009957B9 /* Resources */ = {
			isa = PBXResourcesBuildPhase;
			buildActionMask = 2147483647;
			files = (
			);
			runOnlyForDeploymentPostprocessing = 0;
		};
/* End PBXResourcesBuildPhase section */

/* Begin PBXShellScriptBuildPhase section */
		02BC07C49E409AD7D4D4CF80 /* [CP] Embed Pods Frameworks */ = {
			isa = PBXShellScriptBuildPhase;
			buildActionMask = 2147483647;
			files = (
			);
			inputPaths = (
			);
			name = "[CP] Embed Pods Frameworks";
			outputPaths = (
			);
			runOnlyForDeploymentPostprocessing = 0;
			shellPath = /bin/sh;
			shellScript = "\"${SRCROOT}/Pods/Target Support Files/Pods-EGGPLANtTests/Pods-EGGPLANtTests-frameworks.sh\"\n";
			showEnvVarsInLog = 0;
		};
		21A9388E704F34FB9F7370F1 /* [CP] Copy Pods Resources */ = {
			isa = PBXShellScriptBuildPhase;
			buildActionMask = 2147483647;
			files = (
			);
			inputPaths = (
			);
			name = "[CP] Copy Pods Resources";
			outputPaths = (
			);
			runOnlyForDeploymentPostprocessing = 0;
			shellPath = /bin/sh;
			shellScript = "\"${SRCROOT}/Pods/Target Support Files/Pods-EGGPLANtTests/Pods-EGGPLANtTests-resources.sh\"\n";
			showEnvVarsInLog = 0;
		};
		2CAE49F01985C854E4DFAC2A /* [CP] Embed Pods Frameworks */ = {
			isa = PBXShellScriptBuildPhase;
			buildActionMask = 2147483647;
			files = (
			);
			inputPaths = (
			);
			name = "[CP] Embed Pods Frameworks";
			outputPaths = (
			);
			runOnlyForDeploymentPostprocessing = 0;
			shellPath = /bin/sh;
			shellScript = "\"${SRCROOT}/Pods/Target Support Files/Pods-EGGPLANtUITests/Pods-EGGPLANtUITests-frameworks.sh\"\n";
			showEnvVarsInLog = 0;
		};
		30A355CB9D545B80C7FB3F9B /* [CP] Copy Pods Resources */ = {
			isa = PBXShellScriptBuildPhase;
			buildActionMask = 2147483647;
			files = (
			);
			inputPaths = (
			);
			name = "[CP] Copy Pods Resources";
			outputPaths = (
			);
			runOnlyForDeploymentPostprocessing = 0;
			shellPath = /bin/sh;
			shellScript = "\"${SRCROOT}/Pods/Target Support Files/Pods-EGGPLANtUITests/Pods-EGGPLANtUITests-resources.sh\"\n";
			showEnvVarsInLog = 0;
		};
		383405AC01C9F7EBFBA17E5C /* [CP] Embed Pods Frameworks */ = {
			isa = PBXShellScriptBuildPhase;
			buildActionMask = 2147483647;
			files = (
			);
			inputPaths = (
				"${SRCROOT}/Pods/Target Support Files/Pods-EGGPLANt/Pods-EGGPLANt-frameworks.sh",
				"${BUILT_PRODUCTS_DIR}/M13Checkbox/M13Checkbox.framework",
			);
			name = "[CP] Embed Pods Frameworks";
			outputPaths = (
				"${TARGET_BUILD_DIR}/${FRAMEWORKS_FOLDER_PATH}/M13Checkbox.framework",
			);
			runOnlyForDeploymentPostprocessing = 0;
			shellPath = /bin/sh;
			shellScript = "\"${SRCROOT}/Pods/Target Support Files/Pods-EGGPLANt/Pods-EGGPLANt-frameworks.sh\"\n";
			showEnvVarsInLog = 0;
		};
		99F04CE1131445C297D54E6F /* [CP] Check Pods Manifest.lock */ = {
			isa = PBXShellScriptBuildPhase;
			buildActionMask = 2147483647;
			files = (
			);
			inputPaths = (
				"${PODS_PODFILE_DIR_PATH}/Podfile.lock",
				"${PODS_ROOT}/Manifest.lock",
			);
			name = "[CP] Check Pods Manifest.lock";
			outputPaths = (
				"$(DERIVED_FILE_DIR)/Pods-EGGPLANtTests-checkManifestLockResult.txt",
			);
			runOnlyForDeploymentPostprocessing = 0;
			shellPath = /bin/sh;
			shellScript = "diff \"${PODS_PODFILE_DIR_PATH}/Podfile.lock\" \"${PODS_ROOT}/Manifest.lock\" > /dev/null\nif [ $? != 0 ] ; then\n    # print error to STDERR\n    echo \"error: The sandbox is not in sync with the Podfile.lock. Run 'pod install' or update your CocoaPods installation.\" >&2\n    exit 1\nfi\n# This output is used by Xcode 'outputs' to avoid re-running this script phase.\necho \"SUCCESS\" > \"${SCRIPT_OUTPUT_FILE_0}\"\n";
			showEnvVarsInLog = 0;
		};
		A5F1A2FA29F538A7A3FC9227 /* [CP] Copy Pods Resources */ = {
			isa = PBXShellScriptBuildPhase;
			buildActionMask = 2147483647;
			files = (
			);
			inputPaths = (
			);
			name = "[CP] Copy Pods Resources";
			outputPaths = (
			);
			runOnlyForDeploymentPostprocessing = 0;
			shellPath = /bin/sh;
			shellScript = "\"${SRCROOT}/Pods/Target Support Files/Pods-EGGPLANt/Pods-EGGPLANt-resources.sh\"\n";
			showEnvVarsInLog = 0;
		};
		AD63F81E7A1D9CF2DB805566 /* [CP] Check Pods Manifest.lock */ = {
			isa = PBXShellScriptBuildPhase;
			buildActionMask = 2147483647;
			files = (
			);
			inputPaths = (
				"${PODS_PODFILE_DIR_PATH}/Podfile.lock",
				"${PODS_ROOT}/Manifest.lock",
			);
			name = "[CP] Check Pods Manifest.lock";
			outputPaths = (
				"$(DERIVED_FILE_DIR)/Pods-EGGPLANt-checkManifestLockResult.txt",
			);
			runOnlyForDeploymentPostprocessing = 0;
			shellPath = /bin/sh;
			shellScript = "diff \"${PODS_PODFILE_DIR_PATH}/Podfile.lock\" \"${PODS_ROOT}/Manifest.lock\" > /dev/null\nif [ $? != 0 ] ; then\n    # print error to STDERR\n    echo \"error: The sandbox is not in sync with the Podfile.lock. Run 'pod install' or update your CocoaPods installation.\" >&2\n    exit 1\nfi\n# This output is used by Xcode 'outputs' to avoid re-running this script phase.\necho \"SUCCESS\" > \"${SCRIPT_OUTPUT_FILE_0}\"\n";
			showEnvVarsInLog = 0;
		};
		D61AC65C5356C2B0A193DA96 /* [CP] Check Pods Manifest.lock */ = {
			isa = PBXShellScriptBuildPhase;
			buildActionMask = 2147483647;
			files = (
			);
			inputPaths = (
				"${PODS_PODFILE_DIR_PATH}/Podfile.lock",
				"${PODS_ROOT}/Manifest.lock",
			);
			name = "[CP] Check Pods Manifest.lock";
			outputPaths = (
				"$(DERIVED_FILE_DIR)/Pods-EGGPLANtUITests-checkManifestLockResult.txt",
			);
			runOnlyForDeploymentPostprocessing = 0;
			shellPath = /bin/sh;
			shellScript = "diff \"${PODS_PODFILE_DIR_PATH}/Podfile.lock\" \"${PODS_ROOT}/Manifest.lock\" > /dev/null\nif [ $? != 0 ] ; then\n    # print error to STDERR\n    echo \"error: The sandbox is not in sync with the Podfile.lock. Run 'pod install' or update your CocoaPods installation.\" >&2\n    exit 1\nfi\n# This output is used by Xcode 'outputs' to avoid re-running this script phase.\necho \"SUCCESS\" > \"${SCRIPT_OUTPUT_FILE_0}\"\n";
			showEnvVarsInLog = 0;
		};
/* End PBXShellScriptBuildPhase section */

/* Begin PBXSourcesBuildPhase section */
		0865DBBC1F5FFA38009957B9 /* Sources */ = {
			isa = PBXSourcesBuildPhase;
			buildActionMask = 2147483647;
			files = (
				B07905E01F62805F003A97AD /* WeekDay.swift in Sources */,
				B0BA252C1F63CD740064593B /* (null) in Sources */,
				B0BA252A1F6398840064593B /* (null) in Sources */,
				08E9525A1F6022BC00BA4F97 /* FirstEggVC.swift in Sources */,
				089661901F639F6C000AD483 /* ChecklistTVC.swift in Sources */,
				B07905DE1F62763A003A97AD /* WeekDayCVC.swift in Sources */,
				08F800A01F645EF000B1E91E /* LessonDetailVC.swift in Sources */,
				08F8009F1F645EF000B1E91E /* NoticeVC.swift in Sources */,
				0865DBC61F5FFA38009957B9 /* StartVC.swift in Sources */,
				089661941F63A61A000AD483 /* ChecklistItem.swift in Sources */,
				0865DBF81F6021E6009957B9 /* LoadingVC.swift in Sources */,
				0865DBC41F5FFA38009957B9 /* AppDelegate.swift in Sources */,
				B07905DA1F625B93003A97AD /* TimeTVC.swift in Sources */,
				086113A11F649C5200D7568E /* CreateEventVC.swift in Sources */,
				0865DBF61F601EAD009957B9 /* LoginVC.swift in Sources */,
				B07905D81F625142003A97AD /* ScheduleVC.swift in Sources */,
			);
			runOnlyForDeploymentPostprocessing = 0;
		};
		0865DBD01F5FFA38009957B9 /* Sources */ = {
			isa = PBXSourcesBuildPhase;
			buildActionMask = 2147483647;
			files = (
				0865DBD91F5FFA38009957B9 /* EGGPLANtTests.swift in Sources */,
			);
			runOnlyForDeploymentPostprocessing = 0;
		};
		0865DBDB1F5FFA38009957B9 /* Sources */ = {
			isa = PBXSourcesBuildPhase;
			buildActionMask = 2147483647;
			files = (
				0865DBE41F5FFA38009957B9 /* EGGPLANtUITests.swift in Sources */,
			);
			runOnlyForDeploymentPostprocessing = 0;
		};
/* End PBXSourcesBuildPhase section */

/* Begin PBXTargetDependency section */
		0865DBD61F5FFA38009957B9 /* PBXTargetDependency */ = {
			isa = PBXTargetDependency;
			target = 0865DBBF1F5FFA38009957B9 /* EGGPLANt */;
			targetProxy = 0865DBD51F5FFA38009957B9 /* PBXContainerItemProxy */;
		};
		0865DBE11F5FFA38009957B9 /* PBXTargetDependency */ = {
			isa = PBXTargetDependency;
			target = 0865DBBF1F5FFA38009957B9 /* EGGPLANt */;
			targetProxy = 0865DBE01F5FFA38009957B9 /* PBXContainerItemProxy */;
		};
/* End PBXTargetDependency section */

/* Begin PBXVariantGroup section */
		0865DBC71F5FFA38009957B9 /* Main.storyboard */ = {
			isa = PBXVariantGroup;
			children = (
				0865DBC81F5FFA38009957B9 /* Base */,
			);
			name = Main.storyboard;
			sourceTree = "<group>";
		};
		0865DBCC1F5FFA38009957B9 /* LaunchScreen.storyboard */ = {
			isa = PBXVariantGroup;
			children = (
				0865DBCD1F5FFA38009957B9 /* Base */,
			);
			name = LaunchScreen.storyboard;
			sourceTree = "<group>";
		};
/* End PBXVariantGroup section */

/* Begin XCBuildConfiguration section */
		0865DBE61F5FFA38009957B9 /* Debug */ = {
			isa = XCBuildConfiguration;
			buildSettings = {
				ALWAYS_SEARCH_USER_PATHS = NO;
				CLANG_ANALYZER_NONNULL = YES;
				CLANG_ANALYZER_NUMBER_OBJECT_CONVERSION = YES_AGGRESSIVE;
				CLANG_CXX_LANGUAGE_STANDARD = "gnu++14";
				CLANG_CXX_LIBRARY = "libc++";
				CLANG_ENABLE_MODULES = YES;
				CLANG_ENABLE_OBJC_ARC = YES;
				CLANG_WARN_BLOCK_CAPTURE_AUTORELEASING = YES;
				CLANG_WARN_BOOL_CONVERSION = YES;
				CLANG_WARN_COMMA = YES;
				CLANG_WARN_CONSTANT_CONVERSION = YES;
				CLANG_WARN_DIRECT_OBJC_ISA_USAGE = YES_ERROR;
				CLANG_WARN_DOCUMENTATION_COMMENTS = YES;
				CLANG_WARN_EMPTY_BODY = YES;
				CLANG_WARN_ENUM_CONVERSION = YES;
				CLANG_WARN_INFINITE_RECURSION = YES;
				CLANG_WARN_INT_CONVERSION = YES;
				CLANG_WARN_NON_LITERAL_NULL_CONVERSION = YES;
				CLANG_WARN_OBJC_LITERAL_CONVERSION = YES;
				CLANG_WARN_OBJC_ROOT_CLASS = YES_ERROR;
				CLANG_WARN_RANGE_LOOP_ANALYSIS = YES;
				CLANG_WARN_STRICT_PROTOTYPES = YES;
				CLANG_WARN_SUSPICIOUS_MOVE = YES;
				CLANG_WARN_UNGUARDED_AVAILABILITY = YES_AGGRESSIVE;
				CLANG_WARN_UNREACHABLE_CODE = YES;
				CLANG_WARN__DUPLICATE_METHOD_MATCH = YES;
				CODE_SIGN_IDENTITY = "iPhone Developer";
				COPY_PHASE_STRIP = NO;
				DEBUG_INFORMATION_FORMAT = dwarf;
				ENABLE_STRICT_OBJC_MSGSEND = YES;
				ENABLE_TESTABILITY = YES;
				GCC_C_LANGUAGE_STANDARD = gnu11;
				GCC_DYNAMIC_NO_PIC = NO;
				GCC_NO_COMMON_BLOCKS = YES;
				GCC_OPTIMIZATION_LEVEL = 0;
				GCC_PREPROCESSOR_DEFINITIONS = (
					"DEBUG=1",
					"$(inherited)",
				);
				GCC_WARN_64_TO_32_BIT_CONVERSION = YES;
				GCC_WARN_ABOUT_RETURN_TYPE = YES_ERROR;
				GCC_WARN_UNDECLARED_SELECTOR = YES;
				GCC_WARN_UNINITIALIZED_AUTOS = YES_AGGRESSIVE;
				GCC_WARN_UNUSED_FUNCTION = YES;
				GCC_WARN_UNUSED_VARIABLE = YES;
				IPHONEOS_DEPLOYMENT_TARGET = 11.0;
				MTL_ENABLE_DEBUG_INFO = YES;
				ONLY_ACTIVE_ARCH = YES;
				SDKROOT = iphoneos;
				SWIFT_ACTIVE_COMPILATION_CONDITIONS = DEBUG;
				SWIFT_OPTIMIZATION_LEVEL = "-Onone";
			};
			name = Debug;
		};
		0865DBE71F5FFA38009957B9 /* Release */ = {
			isa = XCBuildConfiguration;
			buildSettings = {
				ALWAYS_SEARCH_USER_PATHS = NO;
				CLANG_ANALYZER_NONNULL = YES;
				CLANG_ANALYZER_NUMBER_OBJECT_CONVERSION = YES_AGGRESSIVE;
				CLANG_CXX_LANGUAGE_STANDARD = "gnu++14";
				CLANG_CXX_LIBRARY = "libc++";
				CLANG_ENABLE_MODULES = YES;
				CLANG_ENABLE_OBJC_ARC = YES;
				CLANG_WARN_BLOCK_CAPTURE_AUTORELEASING = YES;
				CLANG_WARN_BOOL_CONVERSION = YES;
				CLANG_WARN_COMMA = YES;
				CLANG_WARN_CONSTANT_CONVERSION = YES;
				CLANG_WARN_DIRECT_OBJC_ISA_USAGE = YES_ERROR;
				CLANG_WARN_DOCUMENTATION_COMMENTS = YES;
				CLANG_WARN_EMPTY_BODY = YES;
				CLANG_WARN_ENUM_CONVERSION = YES;
				CLANG_WARN_INFINITE_RECURSION = YES;
				CLANG_WARN_INT_CONVERSION = YES;
				CLANG_WARN_NON_LITERAL_NULL_CONVERSION = YES;
				CLANG_WARN_OBJC_LITERAL_CONVERSION = YES;
				CLANG_WARN_OBJC_ROOT_CLASS = YES_ERROR;
				CLANG_WARN_RANGE_LOOP_ANALYSIS = YES;
				CLANG_WARN_STRICT_PROTOTYPES = YES;
				CLANG_WARN_SUSPICIOUS_MOVE = YES;
				CLANG_WARN_UNGUARDED_AVAILABILITY = YES_AGGRESSIVE;
				CLANG_WARN_UNREACHABLE_CODE = YES;
				CLANG_WARN__DUPLICATE_METHOD_MATCH = YES;
				CODE_SIGN_IDENTITY = "iPhone Developer";
				COPY_PHASE_STRIP = NO;
				DEBUG_INFORMATION_FORMAT = "dwarf-with-dsym";
				ENABLE_NS_ASSERTIONS = NO;
				ENABLE_STRICT_OBJC_MSGSEND = YES;
				GCC_C_LANGUAGE_STANDARD = gnu11;
				GCC_NO_COMMON_BLOCKS = YES;
				GCC_WARN_64_TO_32_BIT_CONVERSION = YES;
				GCC_WARN_ABOUT_RETURN_TYPE = YES_ERROR;
				GCC_WARN_UNDECLARED_SELECTOR = YES;
				GCC_WARN_UNINITIALIZED_AUTOS = YES_AGGRESSIVE;
				GCC_WARN_UNUSED_FUNCTION = YES;
				GCC_WARN_UNUSED_VARIABLE = YES;
				IPHONEOS_DEPLOYMENT_TARGET = 11.0;
				MTL_ENABLE_DEBUG_INFO = NO;
				SDKROOT = iphoneos;
				SWIFT_OPTIMIZATION_LEVEL = "-Owholemodule";
				VALIDATE_PRODUCT = YES;
			};
			name = Release;
		};
		0865DBE91F5FFA38009957B9 /* Debug */ = {
			isa = XCBuildConfiguration;
			baseConfigurationReference = 649E8C5CAE3318270DDD328B /* Pods-EGGPLANt.debug.xcconfig */;
			buildSettings = {
				ASSETCATALOG_COMPILER_APPICON_NAME = AppIcon;
				CODE_SIGN_STYLE = Automatic;
				INFOPLIST_FILE = EGGPLANt/Info.plist;
				LD_RUNPATH_SEARCH_PATHS = "$(inherited) @executable_path/Frameworks";
				PRODUCT_BUNDLE_IDENTIFIER = utaipei.EGGPLANt;
				PRODUCT_NAME = "$(TARGET_NAME)";
				SWIFT_VERSION = 4.0;
				TARGETED_DEVICE_FAMILY = "1,2";
			};
			name = Debug;
		};
		0865DBEA1F5FFA38009957B9 /* Release */ = {
			isa = XCBuildConfiguration;
			baseConfigurationReference = A9764592B12319F6D1A2DC20 /* Pods-EGGPLANt.release.xcconfig */;
			buildSettings = {
				ASSETCATALOG_COMPILER_APPICON_NAME = AppIcon;
				CODE_SIGN_STYLE = Automatic;
				INFOPLIST_FILE = EGGPLANt/Info.plist;
				LD_RUNPATH_SEARCH_PATHS = "$(inherited) @executable_path/Frameworks";
				PRODUCT_BUNDLE_IDENTIFIER = utaipei.EGGPLANt;
				PRODUCT_NAME = "$(TARGET_NAME)";
				SWIFT_VERSION = 4.0;
				TARGETED_DEVICE_FAMILY = "1,2";
			};
			name = Release;
		};
		0865DBEC1F5FFA38009957B9 /* Debug */ = {
			isa = XCBuildConfiguration;
			baseConfigurationReference = 8825E2BE1BC8598B2B5E9C29 /* Pods-EGGPLANtTests.debug.xcconfig */;
			buildSettings = {
				ALWAYS_EMBED_SWIFT_STANDARD_LIBRARIES = YES;
				BUNDLE_LOADER = "$(TEST_HOST)";
				CODE_SIGN_STYLE = Automatic;
				INFOPLIST_FILE = EGGPLANtTests/Info.plist;
				LD_RUNPATH_SEARCH_PATHS = "$(inherited) @executable_path/Frameworks @loader_path/Frameworks";
				PRODUCT_BUNDLE_IDENTIFIER = utaipei.EGGPLANtTests;
				PRODUCT_NAME = "$(TARGET_NAME)";
				SWIFT_VERSION = 4.0;
				TARGETED_DEVICE_FAMILY = "1,2";
				TEST_HOST = "$(BUILT_PRODUCTS_DIR)/EGGPLANt.app/EGGPLANt";
			};
			name = Debug;
		};
		0865DBED1F5FFA38009957B9 /* Release */ = {
			isa = XCBuildConfiguration;
			baseConfigurationReference = 678A74636934D14FC7EC3E74 /* Pods-EGGPLANtTests.release.xcconfig */;
			buildSettings = {
				ALWAYS_EMBED_SWIFT_STANDARD_LIBRARIES = YES;
				BUNDLE_LOADER = "$(TEST_HOST)";
				CODE_SIGN_STYLE = Automatic;
				INFOPLIST_FILE = EGGPLANtTests/Info.plist;
				LD_RUNPATH_SEARCH_PATHS = "$(inherited) @executable_path/Frameworks @loader_path/Frameworks";
				PRODUCT_BUNDLE_IDENTIFIER = utaipei.EGGPLANtTests;
				PRODUCT_NAME = "$(TARGET_NAME)";
				SWIFT_VERSION = 4.0;
				TARGETED_DEVICE_FAMILY = "1,2";
				TEST_HOST = "$(BUILT_PRODUCTS_DIR)/EGGPLANt.app/EGGPLANt";
			};
			name = Release;
		};
		0865DBEF1F5FFA38009957B9 /* Debug */ = {
			isa = XCBuildConfiguration;
			baseConfigurationReference = 7FB587FCF8FCA24EEB3237D5 /* Pods-EGGPLANtUITests.debug.xcconfig */;
			buildSettings = {
				ALWAYS_EMBED_SWIFT_STANDARD_LIBRARIES = YES;
				CODE_SIGN_STYLE = Automatic;
				INFOPLIST_FILE = EGGPLANtUITests/Info.plist;
				LD_RUNPATH_SEARCH_PATHS = "$(inherited) @executable_path/Frameworks @loader_path/Frameworks";
				PRODUCT_BUNDLE_IDENTIFIER = utaipei.EGGPLANtUITests;
				PRODUCT_NAME = "$(TARGET_NAME)";
				SWIFT_VERSION = 4.0;
				TARGETED_DEVICE_FAMILY = "1,2";
				TEST_TARGET_NAME = EGGPLANt;
			};
			name = Debug;
		};
		0865DBF01F5FFA38009957B9 /* Release */ = {
			isa = XCBuildConfiguration;
			baseConfigurationReference = 816E1507283AE7E7CD77A16F /* Pods-EGGPLANtUITests.release.xcconfig */;
			buildSettings = {
				ALWAYS_EMBED_SWIFT_STANDARD_LIBRARIES = YES;
				CODE_SIGN_STYLE = Automatic;
				INFOPLIST_FILE = EGGPLANtUITests/Info.plist;
				LD_RUNPATH_SEARCH_PATHS = "$(inherited) @executable_path/Frameworks @loader_path/Frameworks";
				PRODUCT_BUNDLE_IDENTIFIER = utaipei.EGGPLANtUITests;
				PRODUCT_NAME = "$(TARGET_NAME)";
				SWIFT_VERSION = 4.0;
				TARGETED_DEVICE_FAMILY = "1,2";
				TEST_TARGET_NAME = EGGPLANt;
			};
			name = Release;
		};
/* End XCBuildConfiguration section */

/* Begin XCConfigurationList section */
		0865DBBB1F5FFA38009957B9 /* Build configuration list for PBXProject "EGGPLANt" */ = {
			isa = XCConfigurationList;
			buildConfigurations = (
				0865DBE61F5FFA38009957B9 /* Debug */,
				0865DBE71F5FFA38009957B9 /* Release */,
			);
			defaultConfigurationIsVisible = 0;
			defaultConfigurationName = Release;
		};
		0865DBE81F5FFA38009957B9 /* Build configuration list for PBXNativeTarget "EGGPLANt" */ = {
			isa = XCConfigurationList;
			buildConfigurations = (
				0865DBE91F5FFA38009957B9 /* Debug */,
				0865DBEA1F5FFA38009957B9 /* Release */,
			);
			defaultConfigurationIsVisible = 0;
			defaultConfigurationName = Release;
		};
		0865DBEB1F5FFA38009957B9 /* Build configuration list for PBXNativeTarget "EGGPLANtTests" */ = {
			isa = XCConfigurationList;
			buildConfigurations = (
				0865DBEC1F5FFA38009957B9 /* Debug */,
				0865DBED1F5FFA38009957B9 /* Release */,
			);
			defaultConfigurationIsVisible = 0;
			defaultConfigurationName = Release;
		};
		0865DBEE1F5FFA38009957B9 /* Build configuration list for PBXNativeTarget "EGGPLANtUITests" */ = {
			isa = XCConfigurationList;
			buildConfigurations = (
				0865DBEF1F5FFA38009957B9 /* Debug */,
				0865DBF01F5FFA38009957B9 /* Release */,
			);
			defaultConfigurationIsVisible = 0;
			defaultConfigurationName = Release;
		};
/* End XCConfigurationList section */
	};
	rootObject = 0865DBB81F5FFA38009957B9 /* Project object */;
}
